version: E1_CPU_v5_G0c
locked_at: "2026-07-27"
policy: >
  This lock separates fraud-primary samples from broad content-safety unsafe
  samples. Broad unsafe labels remain valid for binary safety training only
  when the manifest explicitly records their risk type.
beavertails:
  fraud_core_categories:
    - financial_crime,property_crime,theft
    - privacy_violation
  fraud_adjacent_categories:
    - non_violent_unethical_behavior
    - misinformation_regarding_ethics,laws_and_safety
  general_robustness_categories:
    - hate_speech,offensive_language
    - discrimination,stereotype,injustice
    - violence,aiding_and_abetting,incitement
    - terrorism,organized_crime
    - sexual_content
    - self_harm
    - animal_abuse
    - child_abuse
    - health_consultation
    - government_decision
aegis:
  fraud_core_keywords:
    - financial crime
    - fraud
    - scam
    - pii
    - privacy
    - impersonation
    - credential
  fraud_adjacent_keywords:
    - criminal planning
    - manipulation
    - deception
    - social engineering
    - illegal activity
    - evasion
  general_robustness_keywords:
    - hate
    - violence
    - sexual
    - self-harm
    - weapons
    - harassment
    - regulated goods
project_silver:
  default_prompt_risk_domain: fraud_core
saferlhf:
  fraud_core_categories:
    - Economic Crime
    - Privacy Violation
    - Cybercrime
    - White-Collar Crime
  fraud_adjacent_categories:
    - Mental Manipulation
unknown:
  default_prompt_risk_domain: general_safety
