qy_v3_data_dir: C:\Users\18201\Desktop\FraudDistill\data\processed\qy_v3
artifact_hashes:
- path: data\processed\qy_v3\abstained_samples.jsonl
  bytes: 0
  sha256: e3b0c44298fc1c149afbf4c8996fb92427ae41e4649b934ca495991b7852b855
- path: data\processed\qy_v3\generations_v3.jsonl
  bytes: 6504261
  sha256: 07c41ea5bea78cf6b051abaeec6e5767db1fc148f388896c6443e80f07b97e70
- path: data\processed\qy_v3\generations_v3_manifest.jsonl
  bytes: 838410
  sha256: e4bcae323024d10b395cf3f41080346598c5d8c1ab31b34237a88908025a9acd
- path: data\processed\qy_v3\input_freeze.json
  bytes: 568
  sha256: 53e5f8a1f7c9ffb5d9e0ddfbcff6137691f89db35743dfcf4cb0716bf828be43
- path: data\processed\qy_v3\judged_pairs_v3.jsonl
  bytes: 6855976
  sha256: d369a6414ae7762e022219cbcccefa6173c978546e99338433167a65e706cb68
- path: data\processed\qy_v3\pair_label_manifest.jsonl
  bytes: 816027
  sha256: d4d2aa093fc9ec346a245bdf98446de9ec4f89333fa55c0a9b7ee2f3f0fbba19
- path: data\processed\qy_v3\prompt_assets_v3_manifest.jsonl
  bytes: 173789
  sha256: de2416d0efc1c9fff84e4239383b1e5882fad2b2c67ac175949d043b7a34335a
- path: data\processed\qy_v3\semantic_cluster_manifest.jsonl
  bytes: 163537
  sha256: 87c95e87c1498738af09c1aa624cf8000d5528297ef8388635c91ce3ab796151
- path: data\processed\qy_v3\split_manifest.jsonl
  bytes: 795679
  sha256: e4df66b943f7b215cf47a1fd9dd132a62827b886fa32c052a3df32dc5ce90473
- path: outputs\data_judge_gate_v2_1\data_judge_gate_v2_1\generations_v3_manifest.jsonl
  bytes: 838410
  sha256: e4bcae323024d10b395cf3f41080346598c5d8c1ab31b34237a88908025a9acd
- path: outputs\data_judge_gate_v2_1\data_judge_gate_v2_1\git_commit.txt
  bytes: 42
  sha256: 5de22dcf5b3272f6ec82142bfcdc0a35d6bc325585cafdb421ffe7243b280257
- path: outputs\data_judge_gate_v2_1\data_judge_gate_v2_1\git_status_porcelain.txt
  bytes: 0
  sha256: e3b0c44298fc1c149afbf4c8996fb92427ae41e4649b934ca495991b7852b855
- path: outputs\data_judge_gate_v2_1\data_judge_gate_v2_1\guard_language_audit.csv
  bytes: 56
  sha256: eaf7dc12fb9d67b90710c85f9288d55e8cf875d1660614268c169480fc575ddd
- path: outputs\data_judge_gate_v2_1\data_judge_gate_v2_1\guard_model_lock.yaml
  bytes: 407
  sha256: f4bc5a45d7a183ea61d20abe37d27425de7b2891fec38ae3563e558361f82d06
- path: outputs\data_judge_gate_v2_1\data_judge_gate_v2_1\guard_pairwise_agreement.csv
  bytes: 158
  sha256: 9dd6cacd16baa85907cd5fcbc13e7892d1a7755e187654896805b0eb5ff8d757
- path: outputs\data_judge_gate_v2_1\data_judge_gate_v2_1\guard_prompt_templates\polyguard_proxy.txt
  bytes: 141
  sha256: ee79c5d8719cb9e460b96cdaae929e348bd05b9c944f5e3078dc1b51b9baf7a6
- path: outputs\data_judge_gate_v2_1\data_judge_gate_v2_1\guard_prompt_templates\qwen3guard_proxy.txt
  bytes: 141
  sha256: ee79c5d8719cb9e460b96cdaae929e348bd05b9c944f5e3078dc1b51b9baf7a6
- path: outputs\data_judge_gate_v2_1\data_judge_gate_v2_1\guard_prompt_templates\wildguard_proxy.txt
  bytes: 141
  sha256: ee79c5d8719cb9e460b96cdaae929e348bd05b9c944f5e3078dc1b51b9baf7a6
- path: outputs\data_judge_gate_v2_1\data_judge_gate_v2_1\guard_public_gold_metrics.csv
  bytes: 221
  sha256: 363392e991bc27675a816a0b4ceddda6e0fc743a0ae414ef44ea4fe02f9fa71b
- path: outputs\data_judge_gate_v2_1\data_judge_gate_v2_1\guard_raw_outputs\polyguard_proxy.jsonl
  bytes: 710304
  sha256: 46764062dbfd03deea18d516df41916aa5b55bb64361de9b40ccfe51e3994087
- path: outputs\data_judge_gate_v2_1\data_judge_gate_v2_1\guard_raw_outputs\qwen3guard_proxy.jsonl
  bytes: 707552
  sha256: d9e76147cd383a804fb1efabeedbd96505ca578ff43d52372a0fe4e52868162e
- path: outputs\data_judge_gate_v2_1\data_judge_gate_v2_1\guard_raw_outputs\wildguard_proxy.jsonl
  bytes: 693406
  sha256: 8791fe2dc6c3d74b2e4ba50413225b6420a97f4a58510f9f4d9ce6ec6e7f8109
- path: outputs\data_judge_gate_v2_1\data_judge_gate_v2_1\input_freeze.json
  bytes: 568
  sha256: 53e5f8a1f7c9ffb5d9e0ddfbcff6137691f89db35743dfcf4cb0716bf828be43
- path: outputs\data_judge_gate_v2_1\data_judge_gate_v2_1\judged_pairs_v3.jsonl
  bytes: 6855976
  sha256: d369a6414ae7762e022219cbcccefa6173c978546e99338433167a65e706cb68
- path: outputs\data_judge_gate_v2_1\data_judge_gate_v2_1\pair_label_manifest.jsonl
  bytes: 816027
  sha256: d4d2aa093fc9ec346a245bdf98446de9ec4f89333fa55c0a9b7ee2f3f0fbba19
- path: outputs\data_judge_gate_v2_1\data_judge_gate_v2_1\prompt_assets_v3_manifest.jsonl
  bytes: 173789
  sha256: de2416d0efc1c9fff84e4239383b1e5882fad2b2c67ac175949d043b7a34335a
- path: outputs\data_judge_gate_v2_1\data_judge_gate_v2_1\semantic_cluster_manifest.jsonl
  bytes: 163537
  sha256: 87c95e87c1498738af09c1aa624cf8000d5528297ef8388635c91ce3ab796151
- path: outputs\data_judge_gate_v2_1\data_judge_gate_v2_1\split_manifest.jsonl
  bytes: 795679
  sha256: e4df66b943f7b215cf47a1fd9dd132a62827b886fa32c052a3df32dc5ce90473
