official_guards:
- name: Qwen3Guard-Gen-4B
  status: not_executed_local_gate
  replacement: qwen3guard_proxy
- name: WildGuard
  status: not_executed_local_gate
  replacement: wildguard_proxy
- name: PolyGuard-Ministral
  status: not_executed_local_gate
  replacement: polyguard_proxy
label_independence: proxy judges use prompt/response text only; no FraudDistill student
  score or prediction
